{
  "name": "demo-server",
  "version": "1.0.0",
  "lockfileVersion": 2,
  "requires": true,
  "packages": {
    "": {
      "name": "demo-server",
      "version": "1.0.0",
      "license": "MIT",
      "dependencies": {
        "@bean/core": "file:../packages/core"
      }
    },
    "../packages/core": {},
    "node_modules/@bean/core": {
      "resolved": "../packages/core",
      "link": true
    }
  },
  "dependencies": {
    "@bean/core": {
      "version": "file:../packages/core"
    }
  }
}
